
Microsoft Visual Studio Solution File, Format Version 12.00
# Visual Studio 15
VisualStudioVersion = 15.0.28010.2046
MinimumVisualStudioVersion = 10.0.40219.1
Project("{FAE04EC0-301F-11D3-BF4B-00C04F79EFBC}") = "Homework3", "Homework3\Homework3.csproj", "{1883A495-61BD-4060-BFBE-181FAC8776F6}"
EndProject
Project("{FAE04EC0-301F-11D3-BF4B-00C04F79EFBC}") = "Homework2", "Homework2\Homework2.csproj", "{37696575-093E-4ECC-849F-FD3BB5355969}"
EndProject
Project("{FAE04EC0-301F-11D3-BF4B-00C04F79EFBC}") = "Homework4", "Homework4\Homework4.csproj", "{2D1AF056-AAE1-4D21-A88D-379436A10D62}"
EndProject
Project("{FAE04EC0-301F-11D3-BF4B-00C04F79EFBC}") = "Homework5", "Homework5\Homework5.csproj", "{CF6E20E2-EB01-4840-8B3F-CBABBD06A6DD}"
EndProject
Project("{FAE04EC0-301F-11D3-BF4B-00C04F79EFBC}") = "Homework6", "Homework6\Homework6.csproj", "{F93575CE-0D75-4132-A71D-5EA524A667BE}"
EndProject
Project("{FAE04EC0-301F-11D3-BF4B-00C04F79EFBC}") = "Homework7", "Homework7\Homework7.csproj", "{D1FDD2B4-3D81-4597-BBBA-F07D7BF6C67C}"
EndProject
Project("{FAE04EC0-301F-11D3-BF4B-00C04F79EFBC}") = "Xrm.ReportUtility", "Xrm.ReportUtility\Xrm.ReportUtility.csproj", "{7E42AE88-B66B-4C1A-81F4-F3A674CC2D6C}"
EndProject
Global
	GlobalSection(SolutionConfigurationPlatforms) = preSolution
		Debug|Any CPU = Debug|Any CPU
		Release|Any CPU = Release|Any CPU
	EndGlobalSection
	GlobalSection(ProjectConfigurationPlatforms) = postSolution
		{1883A495-61BD-4060-BFBE-181FAC8776F6}.Debug|Any CPU.ActiveCfg = Debug|Any CPU
		{1883A495-61BD-4060-BFBE-181FAC8776F6}.Debug|Any CPU.Build.0 = Debug|Any CPU
		{1883A495-61BD-4060-BFBE-181FAC8776F6}.Release|Any CPU.ActiveCfg = Release|Any CPU
		{1883A495-61BD-4060-BFBE-181FAC8776F6}.Release|Any CPU.Build.0 = Release|Any CPU
		{37696575-093E-4ECC-849F-FD3BB5355969}.Debug|Any CPU.ActiveCfg = Debug|Any CPU
		{37696575-093E-4ECC-849F-FD3BB5355969}.Debug|Any CPU.Build.0 = Debug|Any CPU
		{37696575-093E-4ECC-849F-FD3BB5355969}.Release|Any CPU.ActiveCfg = Release|Any CPU
		{37696575-093E-4ECC-849F-FD3BB5355969}.Release|Any CPU.Build.0 = Release|Any CPU
		{2D1AF056-AAE1-4D21-A88D-379436A10D62}.Debug|Any CPU.ActiveCfg = Debug|Any CPU
		{2D1AF056-AAE1-4D21-A88D-379436A10D62}.Debug|Any CPU.Build.0 = Debug|Any CPU
		{2D1AF056-AAE1-4D21-A88D-379436A10D62}.Release|Any CPU.ActiveCfg = Release|Any CPU
		{2D1AF056-AAE1-4D21-A88D-379436A10D62}.Release|Any CPU.Build.0 = Release|Any CPU
		{CF6E20E2-EB01-4840-8B3F-CBABBD06A6DD}.Debug|Any CPU.ActiveCfg = Debug|Any CPU
		{CF6E20E2-EB01-4840-8B3F-CBABBD06A6DD}.Debug|Any CPU.Build.0 = Debug|Any CPU
		{CF6E20E2-EB01-4840-8B3F-CBABBD06A6DD}.Release|Any CPU.ActiveCfg = Release|Any CPU
		{CF6E20E2-EB01-4840-8B3F-CBABBD06A6DD}.Release|Any CPU.Build.0 = Release|Any CPU
		{F93575CE-0D75-4132-A71D-5EA524A667BE}.Debug|Any CPU.ActiveCfg = Debug|Any CPU
		{F93575CE-0D75-4132-A71D-5EA524A667BE}.Debug|Any CPU.Build.0 = Debug|Any CPU
		{F93575CE-0D75-4132-A71D-5EA524A667BE}.Release|Any CPU.ActiveCfg = Release|Any CPU
		{F93575CE-0D75-4132-A71D-5EA524A667BE}.Release|Any CPU.Build.0 = Release|Any CPU
		{D1FDD2B4-3D81-4597-BBBA-F07D7BF6C67C}.Debug|Any CPU.ActiveCfg = Debug|Any CPU
		{D1FDD2B4-3D81-4597-BBBA-F07D7BF6C67C}.Debug|Any CPU.Build.0 = Debug|Any CPU
		{D1FDD2B4-3D81-4597-BBBA-F07D7BF6C67C}.Release|Any CPU.ActiveCfg = Release|Any CPU
		{D1FDD2B4-3D81-4597-BBBA-F07D7BF6C67C}.Release|Any CPU.Build.0 = Release|Any CPU
		{7E42AE88-B66B-4C1A-81F4-F3A674CC2D6C}.Debug|Any CPU.ActiveCfg = Debug|Any CPU
		{7E42AE88-B66B-4C1A-81F4-F3A674CC2D6C}.Debug|Any CPU.Build.0 = Debug|Any CPU
		{7E42AE88-B66B-4C1A-81F4-F3A674CC2D6C}.Release|Any CPU.ActiveCfg = Release|Any CPU
		{7E42AE88-B66B-4C1A-81F4-F3A674CC2D6C}.Release|Any CPU.Build.0 = Release|Any CPU
	EndGlobalSection
	GlobalSection(SolutionProperties) = preSolution
		HideSolutionNode = FALSE
	EndGlobalSection
	GlobalSection(ExtensibilityGlobals) = postSolution
		SolutionGuid = {655A4F9D-9937-4355-8AB2-366DA48ADF87}
	EndGlobalSection
EndGlobal
