
Microsoft Visual Studio Solution File, Format Version 12.00
# Visual Studio 15
VisualStudioVersion = 15.0.28010.2046
MinimumVisualStudioVersion = 10.0.40219.1
Project("{FAE04EC0-301F-11D3-BF4B-00C04F79EFBC}") = "Homework3", "Homework3\Homework3.csproj", "{1883A495-61BD-4060-BFBE-181FAC8776F6}"
EndProject
Project("{FAE04EC0-301F-11D3-BF4B-00C04F79EFBC}") = "Homework2", "Homework2\Homework2.csproj", "{37696575-093E-4ECC-849F-FD3BB5355969}"
EndProject
Global
	GlobalSection(SolutionConfigurationPlatforms) = preSolution
		Debug|Any CPU = Debug|Any CPU
		Release|Any CPU = Release|Any CPU
	EndGlobalSection
	GlobalSection(ProjectConfigurationPlatforms) = postSolution
		{1883A495-61BD-4060-BFBE-181FAC8776F6}.Debug|Any CPU.ActiveCfg = Debug|Any CPU
		{1883A495-61BD-4060-BFBE-181FAC8776F6}.Debug|Any CPU.Build.0 = Debug|Any CPU
		{1883A495-61BD-4060-BFBE-181FAC8776F6}.Release|Any CPU.ActiveCfg = Release|Any CPU
		{1883A495-61BD-4060-BFBE-181FAC8776F6}.Release|Any CPU.Build.0 = Release|Any CPU
		{37696575-093E-4ECC-849F-FD3BB5355969}.Debug|Any CPU.ActiveCfg = Debug|Any CPU
		{37696575-093E-4ECC-849F-FD3BB5355969}.Debug|Any CPU.Build.0 = Debug|Any CPU
		{37696575-093E-4ECC-849F-FD3BB5355969}.Release|Any CPU.ActiveCfg = Release|Any CPU
		{37696575-093E-4ECC-849F-FD3BB5355969}.Release|Any CPU.Build.0 = Release|Any CPU
	EndGlobalSection
	GlobalSection(SolutionProperties) = preSolution
		HideSolutionNode = FALSE
	EndGlobalSection
	GlobalSection(ExtensibilityGlobals) = postSolution
		SolutionGuid = {655A4F9D-9937-4355-8AB2-366DA48ADF87}
	EndGlobalSection
EndGlobal
